
Microsoft Visual Studio Solution File, Format Version 12.00
# Visual Studio 15
VisualStudioVersion = 15.0.27703.2042
MinimumVisualStudioVersion = 10.0.40219.1
Project("{9A19103F-16F7-4668-BE54-9A1E7A4F7556}") = "CustomerInquiry", "CustomerInquiry\CustomerInquiry.csproj", "{C8723063-93E2-4AA7-B2F6-BA4FA878BF83}"
EndProject
Project("{FAE04EC0-301F-11D3-BF4B-00C04F79EFBC}") = "CustomerInquiry.Domain", "CustomerInquiry.Domain\CustomerInquiry.Domain.csproj", "{E1F3C948-84C5-4D80-9A5C-563A596A3C11}"
EndProject
Project("{FAE04EC0-301F-11D3-BF4B-00C04F79EFBC}") = "CustomerInquiry.DAL", "CustomerInquiry.DAL\CustomerInquiry.DAL.csproj", "{4376125E-3DE6-42C9-A2A8-B18A2C7D4D94}"
EndProject
Global
	GlobalSection(SolutionConfigurationPlatforms) = preSolution
		Debug|Any CPU = Debug|Any CPU
		Release|Any CPU = Release|Any CPU
	EndGlobalSection
	GlobalSection(ProjectConfigurationPlatforms) = postSolution
		{C8723063-93E2-4AA7-B2F6-BA4FA878BF83}.Debug|Any CPU.ActiveCfg = Debug|Any CPU
		{C8723063-93E2-4AA7-B2F6-BA4FA878BF83}.Debug|Any CPU.Build.0 = Debug|Any CPU
		{C8723063-93E2-4AA7-B2F6-BA4FA878BF83}.Release|Any CPU.ActiveCfg = Release|Any CPU
		{C8723063-93E2-4AA7-B2F6-BA4FA878BF83}.Release|Any CPU.Build.0 = Release|Any CPU
		{E1F3C948-84C5-4D80-9A5C-563A596A3C11}.Debug|Any CPU.ActiveCfg = Debug|Any CPU
		{E1F3C948-84C5-4D80-9A5C-563A596A3C11}.Debug|Any CPU.Build.0 = Debug|Any CPU
		{E1F3C948-84C5-4D80-9A5C-563A596A3C11}.Release|Any CPU.ActiveCfg = Release|Any CPU
		{E1F3C948-84C5-4D80-9A5C-563A596A3C11}.Release|Any CPU.Build.0 = Release|Any CPU
		{4376125E-3DE6-42C9-A2A8-B18A2C7D4D94}.Debug|Any CPU.ActiveCfg = Debug|Any CPU
		{4376125E-3DE6-42C9-A2A8-B18A2C7D4D94}.Debug|Any CPU.Build.0 = Debug|Any CPU
		{4376125E-3DE6-42C9-A2A8-B18A2C7D4D94}.Release|Any CPU.ActiveCfg = Release|Any CPU
		{4376125E-3DE6-42C9-A2A8-B18A2C7D4D94}.Release|Any CPU.Build.0 = Release|Any CPU
	EndGlobalSection
	GlobalSection(SolutionProperties) = preSolution
		HideSolutionNode = FALSE
	EndGlobalSection
	GlobalSection(ExtensibilityGlobals) = postSolution
		SolutionGuid = {2DAFDFBD-DB3D-4E1C-BBED-CA0CB3F1ADB7}
	EndGlobalSection
EndGlobal
